
Microsoft Visual Studio Solution File, Format Version 12.00
# Visual Studio Version 17
VisualStudioVersion = 17.3.32825.248
MinimumVisualStudioVersion = 10.0.40219.1
Project("{9A19103F-16F7-4668-BE54-9A1E7A4F7556}") = "YouTubeViewers.WPF", "YouTubeViewers.WPF\YouTubeViewers.WPF.csproj", "{23EF05BE-1057-4720-B919-54D11D209B22}"
	ProjectSection(ProjectDependencies) = postProject
		{DBEDC2EE-0142-4CAE-AFC6-21002580B712} = {DBEDC2EE-0142-4CAE-AFC6-21002580B712}
	EndProjectSection
EndProject
Project("{FAE04EC0-301F-11D3-BF4B-00C04F79EFBC}") = "YouTubeViewers.EntityFramework", "YouTubeViewers.EntityFramework\YouTubeViewers.EntityFramework.csproj", "{2E29CA41-52F7-404E-838C-B570195D0AC2}"
	ProjectSection(ProjectDependencies) = postProject
		{DBEDC2EE-0142-4CAE-AFC6-21002580B712} = {DBEDC2EE-0142-4CAE-AFC6-21002580B712}
	EndProjectSection
EndProject
Project("{FAE04EC0-301F-11D3-BF4B-00C04F79EFBC}") = "YouTubeViewers.Domain", "YouTubeViewers.Domain\YouTubeViewers.Domain.csproj", "{DBEDC2EE-0142-4CAE-AFC6-21002580B712}"
EndProject
Global
	GlobalSection(SolutionConfigurationPlatforms) = preSolution
		Debug|Any CPU = Debug|Any CPU
		Release|Any CPU = Release|Any CPU
	EndGlobalSection
	GlobalSection(ProjectConfigurationPlatforms) = postSolution
		{23EF05BE-1057-4720-B919-54D11D209B22}.Debug|Any CPU.ActiveCfg = Debug|Any CPU
		{23EF05BE-1057-4720-B919-54D11D209B22}.Debug|Any CPU.Build.0 = Debug|Any CPU
		{23EF05BE-1057-4720-B919-54D11D209B22}.Release|Any CPU.ActiveCfg = Release|Any CPU
		{23EF05BE-1057-4720-B919-54D11D209B22}.Release|Any CPU.Build.0 = Release|Any CPU
		{2E29CA41-52F7-404E-838C-B570195D0AC2}.Debug|Any CPU.ActiveCfg = Debug|Any CPU
		{2E29CA41-52F7-404E-838C-B570195D0AC2}.Debug|Any CPU.Build.0 = Debug|Any CPU
		{2E29CA41-52F7-404E-838C-B570195D0AC2}.Release|Any CPU.ActiveCfg = Release|Any CPU
		{2E29CA41-52F7-404E-838C-B570195D0AC2}.Release|Any CPU.Build.0 = Release|Any CPU
		{DBEDC2EE-0142-4CAE-AFC6-21002580B712}.Debug|Any CPU.ActiveCfg = Debug|Any CPU
		{DBEDC2EE-0142-4CAE-AFC6-21002580B712}.Debug|Any CPU.Build.0 = Debug|Any CPU
		{DBEDC2EE-0142-4CAE-AFC6-21002580B712}.Release|Any CPU.ActiveCfg = Release|Any CPU
		{DBEDC2EE-0142-4CAE-AFC6-21002580B712}.Release|Any CPU.Build.0 = Release|Any CPU
	EndGlobalSection
	GlobalSection(SolutionProperties) = preSolution
		HideSolutionNode = FALSE
	EndGlobalSection
	GlobalSection(ExtensibilityGlobals) = postSolution
		SolutionGuid = {9195F187-FB36-4387-AA7B-939AFF2756FC}
	EndGlobalSection
EndGlobal
